
Microsoft Visual Studio Solution File, Format Version 12.00
# Visual Studio 15
VisualStudioVersion = 15.0.27004.2008
MinimumVisualStudioVersion = 10.0.40219.1
Project("{FAE04EC0-301F-11D3-BF4B-00C04F79EFBC}") = "Cashew", "Cashew\Cashew.csproj", "{6B2634B2-7313-4096-AC12-D26F2F49EC73}"
EndProject
Project("{2150E333-8FDC-42A3-9474-1A3956D46DE8}") = "TestBed", "TestBed", "{012A5089-290E-4151-B57E-FA79293E4532}"
EndProject
Project("{FAE04EC0-301F-11D3-BF4B-00C04F79EFBC}") = "WpfCashew", "WpfCashew\WpfCashew.csproj", "{BC287088-87D8-409B-9EA3-4D137C89C5FB}"
EndProject
Project("{FAE04EC0-301F-11D3-BF4B-00C04F79EFBC}") = "Core", "Core\Core.csproj", "{72079433-D395-45BD-BF68-EAA17D776833}"
EndProject
Project("{FAE04EC0-301F-11D3-BF4B-00C04F79EFBC}") = "Loment.CashewReference.DB", "Loment.CashewReference.DB\Loment.CashewReference.DB.csproj", "{E423D337-25F2-4EAB-A8FD-DE47CF07BB22}"
EndProject
Project("{FAE04EC0-301F-11D3-BF4B-00C04F79EFBC}") = "Cashew.Utility", "Cashew.Utility\Cashew.Utility.csproj", "{A3C5D2C3-D91C-430F-9EE8-6289D9D4E094}"
EndProject
Project("{FAE04EC0-301F-11D3-BF4B-00C04F79EFBC}") = "RabbitMQ.Net", "RabbitMq.Net\RabbitMQ.Net.csproj", "{D6876E42-76E6-48BE-981B-79BB27C8A849}"
EndProject
Project("{FAE04EC0-301F-11D3-BF4B-00C04F79EFBC}") = "Win32DeviceInfo", "Win32DeviceInfo\Win32DeviceInfo.csproj", "{128F9B01-6233-4399-9566-9A4E959E4FC9}"
EndProject
Global
	GlobalSection(SolutionConfigurationPlatforms) = preSolution
		Ad-Hoc|Any CPU = Ad-Hoc|Any CPU
		Ad-Hoc|ARM = Ad-Hoc|ARM
		Ad-Hoc|iPhone = Ad-Hoc|iPhone
		Ad-Hoc|iPhoneSimulator = Ad-Hoc|iPhoneSimulator
		Ad-Hoc|x64 = Ad-Hoc|x64
		Ad-Hoc|x86 = Ad-Hoc|x86
		AppStore|Any CPU = AppStore|Any CPU
		AppStore|ARM = AppStore|ARM
		AppStore|iPhone = AppStore|iPhone
		AppStore|iPhoneSimulator = AppStore|iPhoneSimulator
		AppStore|x64 = AppStore|x64
		AppStore|x86 = AppStore|x86
		Debug|Any CPU = Debug|Any CPU
		Debug|ARM = Debug|ARM
		Debug|iPhone = Debug|iPhone
		Debug|iPhoneSimulator = Debug|iPhoneSimulator
		Debug|x64 = Debug|x64
		Debug|x86 = Debug|x86
		Loment.Tests|Any CPU = Loment.Tests|Any CPU
		Loment.Tests|ARM = Loment.Tests|ARM
		Loment.Tests|iPhone = Loment.Tests|iPhone
		Loment.Tests|iPhoneSimulator = Loment.Tests|iPhoneSimulator
		Loment.Tests|x64 = Loment.Tests|x64
		Loment.Tests|x86 = Loment.Tests|x86
		Release|Any CPU = Release|Any CPU
		Release|ARM = Release|ARM
		Release|iPhone = Release|iPhone
		Release|iPhoneSimulator = Release|iPhoneSimulator
		Release|x64 = Release|x64
		Release|x86 = Release|x86
	EndGlobalSection
	GlobalSection(ProjectConfigurationPlatforms) = postSolution
		{6B2634B2-7313-4096-AC12-D26F2F49EC73}.Ad-Hoc|Any CPU.ActiveCfg = Release|Any CPU
		{6B2634B2-7313-4096-AC12-D26F2F49EC73}.Ad-Hoc|Any CPU.Build.0 = Release|Any CPU
		{6B2634B2-7313-4096-AC12-D26F2F49EC73}.Ad-Hoc|ARM.ActiveCfg = Release|Any CPU
		{6B2634B2-7313-4096-AC12-D26F2F49EC73}.Ad-Hoc|ARM.Build.0 = Release|Any CPU
		{6B2634B2-7313-4096-AC12-D26F2F49EC73}.Ad-Hoc|iPhone.ActiveCfg = Release|Any CPU
		{6B2634B2-7313-4096-AC12-D26F2F49EC73}.Ad-Hoc|iPhone.Build.0 = Release|Any CPU
		{6B2634B2-7313-4096-AC12-D26F2F49EC73}.Ad-Hoc|iPhoneSimulator.ActiveCfg = Release|Any CPU
		{6B2634B2-7313-4096-AC12-D26F2F49EC73}.Ad-Hoc|iPhoneSimulator.Build.0 = Release|Any CPU
		{6B2634B2-7313-4096-AC12-D26F2F49EC73}.Ad-Hoc|x64.ActiveCfg = Debug|Any CPU
		{6B2634B2-7313-4096-AC12-D26F2F49EC73}.Ad-Hoc|x64.Build.0 = Debug|Any CPU
		{6B2634B2-7313-4096-AC12-D26F2F49EC73}.Ad-Hoc|x86.ActiveCfg = Release|Any CPU
		{6B2634B2-7313-4096-AC12-D26F2F49EC73}.Ad-Hoc|x86.Build.0 = Release|Any CPU
		{6B2634B2-7313-4096-AC12-D26F2F49EC73}.AppStore|Any CPU.ActiveCfg = Release|Any CPU
		{6B2634B2-7313-4096-AC12-D26F2F49EC73}.AppStore|Any CPU.Build.0 = Release|Any CPU
		{6B2634B2-7313-4096-AC12-D26F2F49EC73}.AppStore|ARM.ActiveCfg = Release|Any CPU
		{6B2634B2-7313-4096-AC12-D26F2F49EC73}.AppStore|ARM.Build.0 = Release|Any CPU
		{6B2634B2-7313-4096-AC12-D26F2F49EC73}.AppStore|iPhone.ActiveCfg = Release|Any CPU
		{6B2634B2-7313-4096-AC12-D26F2F49EC73}.AppStore|iPhone.Build.0 = Release|Any CPU
		{6B2634B2-7313-4096-AC12-D26F2F49EC73}.AppStore|iPhoneSimulator.ActiveCfg = Release|Any CPU
		{6B2634B2-7313-4096-AC12-D26F2F49EC73}.AppStore|iPhoneSimulator.Build.0 = Release|Any CPU
		{6B2634B2-7313-4096-AC12-D26F2F49EC73}.AppStore|x64.ActiveCfg = Debug|Any CPU
		{6B2634B2-7313-4096-AC12-D26F2F49EC73}.AppStore|x64.Build.0 = Debug|Any CPU
		{6B2634B2-7313-4096-AC12-D26F2F49EC73}.AppStore|x86.ActiveCfg = Release|Any CPU
		{6B2634B2-7313-4096-AC12-D26F2F49EC73}.AppStore|x86.Build.0 = Release|Any CPU
		{6B2634B2-7313-4096-AC12-D26F2F49EC73}.Debug|Any CPU.ActiveCfg = Debug|Any CPU
		{6B2634B2-7313-4096-AC12-D26F2F49EC73}.Debug|Any CPU.Build.0 = Debug|Any CPU
		{6B2634B2-7313-4096-AC12-D26F2F49EC73}.Debug|ARM.ActiveCfg = Debug|Any CPU
		{6B2634B2-7313-4096-AC12-D26F2F49EC73}.Debug|ARM.Build.0 = Debug|Any CPU
		{6B2634B2-7313-4096-AC12-D26F2F49EC73}.Debug|iPhone.ActiveCfg = Debug|Any CPU
		{6B2634B2-7313-4096-AC12-D26F2F49EC73}.Debug|iPhone.Build.0 = Debug|Any CPU
		{6B2634B2-7313-4096-AC12-D26F2F49EC73}.Debug|iPhoneSimulator.ActiveCfg = Debug|Any CPU
		{6B2634B2-7313-4096-AC12-D26F2F49EC73}.Debug|iPhoneSimulator.Build.0 = Debug|Any CPU
		{6B2634B2-7313-4096-AC12-D26F2F49EC73}.Debug|x64.ActiveCfg = Debug|Any CPU
		{6B2634B2-7313-4096-AC12-D26F2F49EC73}.Debug|x64.Build.0 = Debug|Any CPU
		{6B2634B2-7313-4096-AC12-D26F2F49EC73}.Debug|x86.ActiveCfg = Debug|Any CPU
		{6B2634B2-7313-4096-AC12-D26F2F49EC73}.Debug|x86.Build.0 = Debug|Any CPU
		{6B2634B2-7313-4096-AC12-D26F2F49EC73}.Loment.Tests|Any CPU.ActiveCfg = Debug|Any CPU
		{6B2634B2-7313-4096-AC12-D26F2F49EC73}.Loment.Tests|Any CPU.Build.0 = Debug|Any CPU
		{6B2634B2-7313-4096-AC12-D26F2F49EC73}.Loment.Tests|ARM.ActiveCfg = Debug|Any CPU
		{6B2634B2-7313-4096-AC12-D26F2F49EC73}.Loment.Tests|ARM.Build.0 = Debug|Any CPU
		{6B2634B2-7313-4096-AC12-D26F2F49EC73}.Loment.Tests|iPhone.ActiveCfg = Debug|Any CPU
		{6B2634B2-7313-4096-AC12-D26F2F49EC73}.Loment.Tests|iPhone.Build.0 = Debug|Any CPU
		{6B2634B2-7313-4096-AC12-D26F2F49EC73}.Loment.Tests|iPhoneSimulator.ActiveCfg = Debug|Any CPU
		{6B2634B2-7313-4096-AC12-D26F2F49EC73}.Loment.Tests|iPhoneSimulator.Build.0 = Debug|Any CPU
		{6B2634B2-7313-4096-AC12-D26F2F49EC73}.Loment.Tests|x64.ActiveCfg = Debug|Any CPU
		{6B2634B2-7313-4096-AC12-D26F2F49EC73}.Loment.Tests|x64.Build.0 = Debug|Any CPU
		{6B2634B2-7313-4096-AC12-D26F2F49EC73}.Loment.Tests|x86.ActiveCfg = Debug|Any CPU
		{6B2634B2-7313-4096-AC12-D26F2F49EC73}.Loment.Tests|x86.Build.0 = Debug|Any CPU
		{6B2634B2-7313-4096-AC12-D26F2F49EC73}.Release|Any CPU.ActiveCfg = Release|Any CPU
		{6B2634B2-7313-4096-AC12-D26F2F49EC73}.Release|Any CPU.Build.0 = Release|Any CPU
		{6B2634B2-7313-4096-AC12-D26F2F49EC73}.Release|ARM.ActiveCfg = Release|Any CPU
		{6B2634B2-7313-4096-AC12-D26F2F49EC73}.Release|ARM.Build.0 = Release|Any CPU
		{6B2634B2-7313-4096-AC12-D26F2F49EC73}.Release|iPhone.ActiveCfg = Release|Any CPU
		{6B2634B2-7313-4096-AC12-D26F2F49EC73}.Release|iPhone.Build.0 = Release|Any CPU
		{6B2634B2-7313-4096-AC12-D26F2F49EC73}.Release|iPhoneSimulator.ActiveCfg = Release|Any CPU
		{6B2634B2-7313-4096-AC12-D26F2F49EC73}.Release|iPhoneSimulator.Build.0 = Release|Any CPU
		{6B2634B2-7313-4096-AC12-D26F2F49EC73}.Release|x64.ActiveCfg = Release|Any CPU
		{6B2634B2-7313-4096-AC12-D26F2F49EC73}.Release|x64.Build.0 = Release|Any CPU
		{6B2634B2-7313-4096-AC12-D26F2F49EC73}.Release|x86.ActiveCfg = Release|Any CPU
		{6B2634B2-7313-4096-AC12-D26F2F49EC73}.Release|x86.Build.0 = Release|Any CPU
		{BC287088-87D8-409B-9EA3-4D137C89C5FB}.Ad-Hoc|Any CPU.ActiveCfg = Release|Any CPU
		{BC287088-87D8-409B-9EA3-4D137C89C5FB}.Ad-Hoc|Any CPU.Build.0 = Release|Any CPU
		{BC287088-87D8-409B-9EA3-4D137C89C5FB}.Ad-Hoc|ARM.ActiveCfg = Release|Any CPU
		{BC287088-87D8-409B-9EA3-4D137C89C5FB}.Ad-Hoc|ARM.Build.0 = Release|Any CPU
		{BC287088-87D8-409B-9EA3-4D137C89C5FB}.Ad-Hoc|iPhone.ActiveCfg = Release|Any CPU
		{BC287088-87D8-409B-9EA3-4D137C89C5FB}.Ad-Hoc|iPhone.Build.0 = Release|Any CPU
		{BC287088-87D8-409B-9EA3-4D137C89C5FB}.Ad-Hoc|iPhoneSimulator.ActiveCfg = Release|Any CPU
		{BC287088-87D8-409B-9EA3-4D137C89C5FB}.Ad-Hoc|iPhoneSimulator.Build.0 = Release|Any CPU
		{BC287088-87D8-409B-9EA3-4D137C89C5FB}.Ad-Hoc|x64.ActiveCfg = Debug|Any CPU
		{BC287088-87D8-409B-9EA3-4D137C89C5FB}.Ad-Hoc|x64.Build.0 = Debug|Any CPU
		{BC287088-87D8-409B-9EA3-4D137C89C5FB}.Ad-Hoc|x86.ActiveCfg = Release|Any CPU
		{BC287088-87D8-409B-9EA3-4D137C89C5FB}.Ad-Hoc|x86.Build.0 = Release|Any CPU
		{BC287088-87D8-409B-9EA3-4D137C89C5FB}.AppStore|Any CPU.ActiveCfg = Release|Any CPU
		{BC287088-87D8-409B-9EA3-4D137C89C5FB}.AppStore|Any CPU.Build.0 = Release|Any CPU
		{BC287088-87D8-409B-9EA3-4D137C89C5FB}.AppStore|ARM.ActiveCfg = Release|Any CPU
		{BC287088-87D8-409B-9EA3-4D137C89C5FB}.AppStore|ARM.Build.0 = Release|Any CPU
		{BC287088-87D8-409B-9EA3-4D137C89C5FB}.AppStore|iPhone.ActiveCfg = Release|Any CPU
		{BC287088-87D8-409B-9EA3-4D137C89C5FB}.AppStore|iPhone.Build.0 = Release|Any CPU
		{BC287088-87D8-409B-9EA3-4D137C89C5FB}.AppStore|iPhoneSimulator.ActiveCfg = Release|Any CPU
		{BC287088-87D8-409B-9EA3-4D137C89C5FB}.AppStore|iPhoneSimulator.Build.0 = Release|Any CPU
		{BC287088-87D8-409B-9EA3-4D137C89C5FB}.AppStore|x64.ActiveCfg = Debug|Any CPU
		{BC287088-87D8-409B-9EA3-4D137C89C5FB}.AppStore|x64.Build.0 = Debug|Any CPU
		{BC287088-87D8-409B-9EA3-4D137C89C5FB}.AppStore|x86.ActiveCfg = Release|Any CPU
		{BC287088-87D8-409B-9EA3-4D137C89C5FB}.AppStore|x86.Build.0 = Release|Any CPU
		{BC287088-87D8-409B-9EA3-4D137C89C5FB}.Debug|Any CPU.ActiveCfg = Debug|Any CPU
		{BC287088-87D8-409B-9EA3-4D137C89C5FB}.Debug|Any CPU.Build.0 = Debug|Any CPU
		{BC287088-87D8-409B-9EA3-4D137C89C5FB}.Debug|ARM.ActiveCfg = Debug|Any CPU
		{BC287088-87D8-409B-9EA3-4D137C89C5FB}.Debug|ARM.Build.0 = Debug|Any CPU
		{BC287088-87D8-409B-9EA3-4D137C89C5FB}.Debug|iPhone.ActiveCfg = Debug|Any CPU
		{BC287088-87D8-409B-9EA3-4D137C89C5FB}.Debug|iPhone.Build.0 = Debug|Any CPU
		{BC287088-87D8-409B-9EA3-4D137C89C5FB}.Debug|iPhoneSimulator.ActiveCfg = Debug|Any CPU
		{BC287088-87D8-409B-9EA3-4D137C89C5FB}.Debug|iPhoneSimulator.Build.0 = Debug|Any CPU
		{BC287088-87D8-409B-9EA3-4D137C89C5FB}.Debug|x64.ActiveCfg = Debug|Any CPU
		{BC287088-87D8-409B-9EA3-4D137C89C5FB}.Debug|x64.Build.0 = Debug|Any CPU
		{BC287088-87D8-409B-9EA3-4D137C89C5FB}.Debug|x86.ActiveCfg = Debug|Any CPU
		{BC287088-87D8-409B-9EA3-4D137C89C5FB}.Debug|x86.Build.0 = Debug|Any CPU
		{BC287088-87D8-409B-9EA3-4D137C89C5FB}.Loment.Tests|Any CPU.ActiveCfg = Debug|Any CPU
		{BC287088-87D8-409B-9EA3-4D137C89C5FB}.Loment.Tests|Any CPU.Build.0 = Debug|Any CPU
		{BC287088-87D8-409B-9EA3-4D137C89C5FB}.Loment.Tests|ARM.ActiveCfg = Debug|Any CPU
		{BC287088-87D8-409B-9EA3-4D137C89C5FB}.Loment.Tests|ARM.Build.0 = Debug|Any CPU
		{BC287088-87D8-409B-9EA3-4D137C89C5FB}.Loment.Tests|iPhone.ActiveCfg = Debug|Any CPU
		{BC287088-87D8-409B-9EA3-4D137C89C5FB}.Loment.Tests|iPhone.Build.0 = Debug|Any CPU
		{BC287088-87D8-409B-9EA3-4D137C89C5FB}.Loment.Tests|iPhoneSimulator.ActiveCfg = Debug|Any CPU
		{BC287088-87D8-409B-9EA3-4D137C89C5FB}.Loment.Tests|iPhoneSimulator.Build.0 = Debug|Any CPU
		{BC287088-87D8-409B-9EA3-4D137C89C5FB}.Loment.Tests|x64.ActiveCfg = Debug|Any CPU
		{BC287088-87D8-409B-9EA3-4D137C89C5FB}.Loment.Tests|x64.Build.0 = Debug|Any CPU
		{BC287088-87D8-409B-9EA3-4D137C89C5FB}.Loment.Tests|x86.ActiveCfg = Debug|Any CPU
		{BC287088-87D8-409B-9EA3-4D137C89C5FB}.Loment.Tests|x86.Build.0 = Debug|Any CPU
		{BC287088-87D8-409B-9EA3-4D137C89C5FB}.Release|Any CPU.ActiveCfg = Release|Any CPU
		{BC287088-87D8-409B-9EA3-4D137C89C5FB}.Release|Any CPU.Build.0 = Release|Any CPU
		{BC287088-87D8-409B-9EA3-4D137C89C5FB}.Release|ARM.ActiveCfg = Release|Any CPU
		{BC287088-87D8-409B-9EA3-4D137C89C5FB}.Release|ARM.Build.0 = Release|Any CPU
		{BC287088-87D8-409B-9EA3-4D137C89C5FB}.Release|iPhone.ActiveCfg = Release|Any CPU
		{BC287088-87D8-409B-9EA3-4D137C89C5FB}.Release|iPhone.Build.0 = Release|Any CPU
		{BC287088-87D8-409B-9EA3-4D137C89C5FB}.Release|iPhoneSimulator.ActiveCfg = Release|Any CPU
		{BC287088-87D8-409B-9EA3-4D137C89C5FB}.Release|iPhoneSimulator.Build.0 = Release|Any CPU
		{BC287088-87D8-409B-9EA3-4D137C89C5FB}.Release|x64.ActiveCfg = Release|Any CPU
		{BC287088-87D8-409B-9EA3-4D137C89C5FB}.Release|x64.Build.0 = Release|Any CPU
		{BC287088-87D8-409B-9EA3-4D137C89C5FB}.Release|x86.ActiveCfg = Release|Any CPU
		{BC287088-87D8-409B-9EA3-4D137C89C5FB}.Release|x86.Build.0 = Release|Any CPU
		{72079433-D395-45BD-BF68-EAA17D776833}.Ad-Hoc|Any CPU.ActiveCfg = Release|Any CPU
		{72079433-D395-45BD-BF68-EAA17D776833}.Ad-Hoc|Any CPU.Build.0 = Release|Any CPU
		{72079433-D395-45BD-BF68-EAA17D776833}.Ad-Hoc|ARM.ActiveCfg = Release|Any CPU
		{72079433-D395-45BD-BF68-EAA17D776833}.Ad-Hoc|ARM.Build.0 = Release|Any CPU
		{72079433-D395-45BD-BF68-EAA17D776833}.Ad-Hoc|iPhone.ActiveCfg = Release|Any CPU
		{72079433-D395-45BD-BF68-EAA17D776833}.Ad-Hoc|iPhone.Build.0 = Release|Any CPU
		{72079433-D395-45BD-BF68-EAA17D776833}.Ad-Hoc|iPhoneSimulator.ActiveCfg = Release|Any CPU
		{72079433-D395-45BD-BF68-EAA17D776833}.Ad-Hoc|iPhoneSimulator.Build.0 = Release|Any CPU
		{72079433-D395-45BD-BF68-EAA17D776833}.Ad-Hoc|x64.ActiveCfg = Debug|Any CPU
		{72079433-D395-45BD-BF68-EAA17D776833}.Ad-Hoc|x64.Build.0 = Debug|Any CPU
		{72079433-D395-45BD-BF68-EAA17D776833}.Ad-Hoc|x86.ActiveCfg = Release|Any CPU
		{72079433-D395-45BD-BF68-EAA17D776833}.Ad-Hoc|x86.Build.0 = Release|Any CPU
		{72079433-D395-45BD-BF68-EAA17D776833}.AppStore|Any CPU.ActiveCfg = Release|Any CPU
		{72079433-D395-45BD-BF68-EAA17D776833}.AppStore|Any CPU.Build.0 = Release|Any CPU
		{72079433-D395-45BD-BF68-EAA17D776833}.AppStore|ARM.ActiveCfg = Release|Any CPU
		{72079433-D395-45BD-BF68-EAA17D776833}.AppStore|ARM.Build.0 = Release|Any CPU
		{72079433-D395-45BD-BF68-EAA17D776833}.AppStore|iPhone.ActiveCfg = Release|Any CPU
		{72079433-D395-45BD-BF68-EAA17D776833}.AppStore|iPhone.Build.0 = Release|Any CPU
		{72079433-D395-45BD-BF68-EAA17D776833}.AppStore|iPhoneSimulator.ActiveCfg = Release|Any CPU
		{72079433-D395-45BD-BF68-EAA17D776833}.AppStore|iPhoneSimulator.Build.0 = Release|Any CPU
		{72079433-D395-45BD-BF68-EAA17D776833}.AppStore|x64.ActiveCfg = Debug|Any CPU
		{72079433-D395-45BD-BF68-EAA17D776833}.AppStore|x64.Build.0 = Debug|Any CPU
		{72079433-D395-45BD-BF68-EAA17D776833}.AppStore|x86.ActiveCfg = Release|Any CPU
		{72079433-D395-45BD-BF68-EAA17D776833}.AppStore|x86.Build.0 = Release|Any CPU
		{72079433-D395-45BD-BF68-EAA17D776833}.Debug|Any CPU.ActiveCfg = Debug|Any CPU
		{72079433-D395-45BD-BF68-EAA17D776833}.Debug|Any CPU.Build.0 = Debug|Any CPU
		{72079433-D395-45BD-BF68-EAA17D776833}.Debug|ARM.ActiveCfg = Debug|Any CPU
		{72079433-D395-45BD-BF68-EAA17D776833}.Debug|ARM.Build.0 = Debug|Any CPU
		{72079433-D395-45BD-BF68-EAA17D776833}.Debug|iPhone.ActiveCfg = Debug|Any CPU
		{72079433-D395-45BD-BF68-EAA17D776833}.Debug|iPhone.Build.0 = Debug|Any CPU
		{72079433-D395-45BD-BF68-EAA17D776833}.Debug|iPhoneSimulator.ActiveCfg = Debug|Any CPU
		{72079433-D395-45BD-BF68-EAA17D776833}.Debug|iPhoneSimulator.Build.0 = Debug|Any CPU
		{72079433-D395-45BD-BF68-EAA17D776833}.Debug|x64.ActiveCfg = Debug|Any CPU
		{72079433-D395-45BD-BF68-EAA17D776833}.Debug|x64.Build.0 = Debug|Any CPU
		{72079433-D395-45BD-BF68-EAA17D776833}.Debug|x86.ActiveCfg = Debug|Any CPU
		{72079433-D395-45BD-BF68-EAA17D776833}.Debug|x86.Build.0 = Debug|Any CPU
		{72079433-D395-45BD-BF68-EAA17D776833}.Loment.Tests|Any CPU.ActiveCfg = Debug|Any CPU
		{72079433-D395-45BD-BF68-EAA17D776833}.Loment.Tests|Any CPU.Build.0 = Debug|Any CPU
		{72079433-D395-45BD-BF68-EAA17D776833}.Loment.Tests|ARM.ActiveCfg = Debug|Any CPU
		{72079433-D395-45BD-BF68-EAA17D776833}.Loment.Tests|ARM.Build.0 = Debug|Any CPU
		{72079433-D395-45BD-BF68-EAA17D776833}.Loment.Tests|iPhone.ActiveCfg = Debug|Any CPU
		{72079433-D395-45BD-BF68-EAA17D776833}.Loment.Tests|iPhone.Build.0 = Debug|Any CPU
		{72079433-D395-45BD-BF68-EAA17D776833}.Loment.Tests|iPhoneSimulator.ActiveCfg = Debug|Any CPU
		{72079433-D395-45BD-BF68-EAA17D776833}.Loment.Tests|iPhoneSimulator.Build.0 = Debug|Any CPU
		{72079433-D395-45BD-BF68-EAA17D776833}.Loment.Tests|x64.ActiveCfg = Debug|Any CPU
		{72079433-D395-45BD-BF68-EAA17D776833}.Loment.Tests|x64.Build.0 = Debug|Any CPU
		{72079433-D395-45BD-BF68-EAA17D776833}.Loment.Tests|x86.ActiveCfg = Debug|Any CPU
		{72079433-D395-45BD-BF68-EAA17D776833}.Loment.Tests|x86.Build.0 = Debug|Any CPU
		{72079433-D395-45BD-BF68-EAA17D776833}.Release|Any CPU.ActiveCfg = Release|Any CPU
		{72079433-D395-45BD-BF68-EAA17D776833}.Release|Any CPU.Build.0 = Release|Any CPU
		{72079433-D395-45BD-BF68-EAA17D776833}.Release|ARM.ActiveCfg = Release|Any CPU
		{72079433-D395-45BD-BF68-EAA17D776833}.Release|ARM.Build.0 = Release|Any CPU
		{72079433-D395-45BD-BF68-EAA17D776833}.Release|iPhone.ActiveCfg = Release|Any CPU
		{72079433-D395-45BD-BF68-EAA17D776833}.Release|iPhone.Build.0 = Release|Any CPU
		{72079433-D395-45BD-BF68-EAA17D776833}.Release|iPhoneSimulator.ActiveCfg = Release|Any CPU
		{72079433-D395-45BD-BF68-EAA17D776833}.Release|iPhoneSimulator.Build.0 = Release|Any CPU
		{72079433-D395-45BD-BF68-EAA17D776833}.Release|x64.ActiveCfg = Release|Any CPU
		{72079433-D395-45BD-BF68-EAA17D776833}.Release|x64.Build.0 = Release|Any CPU
		{72079433-D395-45BD-BF68-EAA17D776833}.Release|x86.ActiveCfg = Release|Any CPU
		{72079433-D395-45BD-BF68-EAA17D776833}.Release|x86.Build.0 = Release|Any CPU
		{E423D337-25F2-4EAB-A8FD-DE47CF07BB22}.Ad-Hoc|Any CPU.ActiveCfg = Release|Any CPU
		{E423D337-25F2-4EAB-A8FD-DE47CF07BB22}.Ad-Hoc|Any CPU.Build.0 = Release|Any CPU
		{E423D337-25F2-4EAB-A8FD-DE47CF07BB22}.Ad-Hoc|ARM.ActiveCfg = Release|Any CPU
		{E423D337-25F2-4EAB-A8FD-DE47CF07BB22}.Ad-Hoc|ARM.Build.0 = Release|Any CPU
		{E423D337-25F2-4EAB-A8FD-DE47CF07BB22}.Ad-Hoc|iPhone.ActiveCfg = Release|Any CPU
		{E423D337-25F2-4EAB-A8FD-DE47CF07BB22}.Ad-Hoc|iPhone.Build.0 = Release|Any CPU
		{E423D337-25F2-4EAB-A8FD-DE47CF07BB22}.Ad-Hoc|iPhoneSimulator.ActiveCfg = Release|Any CPU
		{E423D337-25F2-4EAB-A8FD-DE47CF07BB22}.Ad-Hoc|iPhoneSimulator.Build.0 = Release|Any CPU
		{E423D337-25F2-4EAB-A8FD-DE47CF07BB22}.Ad-Hoc|x64.ActiveCfg = Release|Any CPU
		{E423D337-25F2-4EAB-A8FD-DE47CF07BB22}.Ad-Hoc|x64.Build.0 = Release|Any CPU
		{E423D337-25F2-4EAB-A8FD-DE47CF07BB22}.Ad-Hoc|x86.ActiveCfg = Release|Any CPU
		{E423D337-25F2-4EAB-A8FD-DE47CF07BB22}.Ad-Hoc|x86.Build.0 = Release|Any CPU
		{E423D337-25F2-4EAB-A8FD-DE47CF07BB22}.AppStore|Any CPU.ActiveCfg = Release|Any CPU
		{E423D337-25F2-4EAB-A8FD-DE47CF07BB22}.AppStore|Any CPU.Build.0 = Release|Any CPU
		{E423D337-25F2-4EAB-A8FD-DE47CF07BB22}.AppStore|ARM.ActiveCfg = Release|Any CPU
		{E423D337-25F2-4EAB-A8FD-DE47CF07BB22}.AppStore|ARM.Build.0 = Release|Any CPU
		{E423D337-25F2-4EAB-A8FD-DE47CF07BB22}.AppStore|iPhone.ActiveCfg = Release|Any CPU
		{E423D337-25F2-4EAB-A8FD-DE47CF07BB22}.AppStore|iPhone.Build.0 = Release|Any CPU
		{E423D337-25F2-4EAB-A8FD-DE47CF07BB22}.AppStore|iPhoneSimulator.ActiveCfg = Release|Any CPU
		{E423D337-25F2-4EAB-A8FD-DE47CF07BB22}.AppStore|iPhoneSimulator.Build.0 = Release|Any CPU
		{E423D337-25F2-4EAB-A8FD-DE47CF07BB22}.AppStore|x64.ActiveCfg = Release|Any CPU
		{E423D337-25F2-4EAB-A8FD-DE47CF07BB22}.AppStore|x64.Build.0 = Release|Any CPU
		{E423D337-25F2-4EAB-A8FD-DE47CF07BB22}.AppStore|x86.ActiveCfg = Release|Any CPU
		{E423D337-25F2-4EAB-A8FD-DE47CF07BB22}.AppStore|x86.Build.0 = Release|Any CPU
		{E423D337-25F2-4EAB-A8FD-DE47CF07BB22}.Debug|Any CPU.ActiveCfg = Debug|Any CPU
		{E423D337-25F2-4EAB-A8FD-DE47CF07BB22}.Debug|Any CPU.Build.0 = Debug|Any CPU
		{E423D337-25F2-4EAB-A8FD-DE47CF07BB22}.Debug|ARM.ActiveCfg = Debug|Any CPU
		{E423D337-25F2-4EAB-A8FD-DE47CF07BB22}.Debug|ARM.Build.0 = Debug|Any CPU
		{E423D337-25F2-4EAB-A8FD-DE47CF07BB22}.Debug|iPhone.ActiveCfg = Debug|Any CPU
		{E423D337-25F2-4EAB-A8FD-DE47CF07BB22}.Debug|iPhone.Build.0 = Debug|Any CPU
		{E423D337-25F2-4EAB-A8FD-DE47CF07BB22}.Debug|iPhoneSimulator.ActiveCfg = Debug|Any CPU
		{E423D337-25F2-4EAB-A8FD-DE47CF07BB22}.Debug|iPhoneSimulator.Build.0 = Debug|Any CPU
		{E423D337-25F2-4EAB-A8FD-DE47CF07BB22}.Debug|x64.ActiveCfg = Debug|Any CPU
		{E423D337-25F2-4EAB-A8FD-DE47CF07BB22}.Debug|x64.Build.0 = Debug|Any CPU
		{E423D337-25F2-4EAB-A8FD-DE47CF07BB22}.Debug|x86.ActiveCfg = Debug|Any CPU
		{E423D337-25F2-4EAB-A8FD-DE47CF07BB22}.Debug|x86.Build.0 = Debug|Any CPU
		{E423D337-25F2-4EAB-A8FD-DE47CF07BB22}.Loment.Tests|Any CPU.ActiveCfg = Release|Any CPU
		{E423D337-25F2-4EAB-A8FD-DE47CF07BB22}.Loment.Tests|Any CPU.Build.0 = Release|Any CPU
		{E423D337-25F2-4EAB-A8FD-DE47CF07BB22}.Loment.Tests|ARM.ActiveCfg = Release|Any CPU
		{E423D337-25F2-4EAB-A8FD-DE47CF07BB22}.Loment.Tests|ARM.Build.0 = Release|Any CPU
		{E423D337-25F2-4EAB-A8FD-DE47CF07BB22}.Loment.Tests|iPhone.ActiveCfg = Release|Any CPU
		{E423D337-25F2-4EAB-A8FD-DE47CF07BB22}.Loment.Tests|iPhone.Build.0 = Release|Any CPU
		{E423D337-25F2-4EAB-A8FD-DE47CF07BB22}.Loment.Tests|iPhoneSimulator.ActiveCfg = Release|Any CPU
		{E423D337-25F2-4EAB-A8FD-DE47CF07BB22}.Loment.Tests|iPhoneSimulator.Build.0 = Release|Any CPU
		{E423D337-25F2-4EAB-A8FD-DE47CF07BB22}.Loment.Tests|x64.ActiveCfg = Release|Any CPU
		{E423D337-25F2-4EAB-A8FD-DE47CF07BB22}.Loment.Tests|x64.Build.0 = Release|Any CPU
		{E423D337-25F2-4EAB-A8FD-DE47CF07BB22}.Loment.Tests|x86.ActiveCfg = Release|Any CPU
		{E423D337-25F2-4EAB-A8FD-DE47CF07BB22}.Loment.Tests|x86.Build.0 = Release|Any CPU
		{E423D337-25F2-4EAB-A8FD-DE47CF07BB22}.Release|Any CPU.ActiveCfg = Release|Any CPU
		{E423D337-25F2-4EAB-A8FD-DE47CF07BB22}.Release|Any CPU.Build.0 = Release|Any CPU
		{E423D337-25F2-4EAB-A8FD-DE47CF07BB22}.Release|ARM.ActiveCfg = Release|Any CPU
		{E423D337-25F2-4EAB-A8FD-DE47CF07BB22}.Release|ARM.Build.0 = Release|Any CPU
		{E423D337-25F2-4EAB-A8FD-DE47CF07BB22}.Release|iPhone.ActiveCfg = Release|Any CPU
		{E423D337-25F2-4EAB-A8FD-DE47CF07BB22}.Release|iPhone.Build.0 = Release|Any CPU
		{E423D337-25F2-4EAB-A8FD-DE47CF07BB22}.Release|iPhoneSimulator.ActiveCfg = Release|Any CPU
		{E423D337-25F2-4EAB-A8FD-DE47CF07BB22}.Release|iPhoneSimulator.Build.0 = Release|Any CPU
		{E423D337-25F2-4EAB-A8FD-DE47CF07BB22}.Release|x64.ActiveCfg = Release|Any CPU
		{E423D337-25F2-4EAB-A8FD-DE47CF07BB22}.Release|x64.Build.0 = Release|Any CPU
		{E423D337-25F2-4EAB-A8FD-DE47CF07BB22}.Release|x86.ActiveCfg = Release|Any CPU
		{E423D337-25F2-4EAB-A8FD-DE47CF07BB22}.Release|x86.Build.0 = Release|Any CPU
		{A3C5D2C3-D91C-430F-9EE8-6289D9D4E094}.Ad-Hoc|Any CPU.ActiveCfg = Release|Any CPU
		{A3C5D2C3-D91C-430F-9EE8-6289D9D4E094}.Ad-Hoc|Any CPU.Build.0 = Release|Any CPU
		{A3C5D2C3-D91C-430F-9EE8-6289D9D4E094}.Ad-Hoc|ARM.ActiveCfg = Release|Any CPU
		{A3C5D2C3-D91C-430F-9EE8-6289D9D4E094}.Ad-Hoc|ARM.Build.0 = Release|Any CPU
		{A3C5D2C3-D91C-430F-9EE8-6289D9D4E094}.Ad-Hoc|iPhone.ActiveCfg = Release|Any CPU
		{A3C5D2C3-D91C-430F-9EE8-6289D9D4E094}.Ad-Hoc|iPhone.Build.0 = Release|Any CPU
		{A3C5D2C3-D91C-430F-9EE8-6289D9D4E094}.Ad-Hoc|iPhoneSimulator.ActiveCfg = Release|Any CPU
		{A3C5D2C3-D91C-430F-9EE8-6289D9D4E094}.Ad-Hoc|iPhoneSimulator.Build.0 = Release|Any CPU
		{A3C5D2C3-D91C-430F-9EE8-6289D9D4E094}.Ad-Hoc|x64.ActiveCfg = Release|Any CPU
		{A3C5D2C3-D91C-430F-9EE8-6289D9D4E094}.Ad-Hoc|x64.Build.0 = Release|Any CPU
		{A3C5D2C3-D91C-430F-9EE8-6289D9D4E094}.Ad-Hoc|x86.ActiveCfg = Release|Any CPU
		{A3C5D2C3-D91C-430F-9EE8-6289D9D4E094}.Ad-Hoc|x86.Build.0 = Release|Any CPU
		{A3C5D2C3-D91C-430F-9EE8-6289D9D4E094}.AppStore|Any CPU.ActiveCfg = Release|Any CPU
		{A3C5D2C3-D91C-430F-9EE8-6289D9D4E094}.AppStore|Any CPU.Build.0 = Release|Any CPU
		{A3C5D2C3-D91C-430F-9EE8-6289D9D4E094}.AppStore|ARM.ActiveCfg = Release|Any CPU
		{A3C5D2C3-D91C-430F-9EE8-6289D9D4E094}.AppStore|ARM.Build.0 = Release|Any CPU
		{A3C5D2C3-D91C-430F-9EE8-6289D9D4E094}.AppStore|iPhone.ActiveCfg = Release|Any CPU
		{A3C5D2C3-D91C-430F-9EE8-6289D9D4E094}.AppStore|iPhone.Build.0 = Release|Any CPU
		{A3C5D2C3-D91C-430F-9EE8-6289D9D4E094}.AppStore|iPhoneSimulator.ActiveCfg = Release|Any CPU
		{A3C5D2C3-D91C-430F-9EE8-6289D9D4E094}.AppStore|iPhoneSimulator.Build.0 = Release|Any CPU
		{A3C5D2C3-D91C-430F-9EE8-6289D9D4E094}.AppStore|x64.ActiveCfg = Release|Any CPU
		{A3C5D2C3-D91C-430F-9EE8-6289D9D4E094}.AppStore|x64.Build.0 = Release|Any CPU
		{A3C5D2C3-D91C-430F-9EE8-6289D9D4E094}.AppStore|x86.ActiveCfg = Release|Any CPU
		{A3C5D2C3-D91C-430F-9EE8-6289D9D4E094}.AppStore|x86.Build.0 = Release|Any CPU
		{A3C5D2C3-D91C-430F-9EE8-6289D9D4E094}.Debug|Any CPU.ActiveCfg = Debug|Any CPU
		{A3C5D2C3-D91C-430F-9EE8-6289D9D4E094}.Debug|Any CPU.Build.0 = Debug|Any CPU
		{A3C5D2C3-D91C-430F-9EE8-6289D9D4E094}.Debug|ARM.ActiveCfg = Debug|Any CPU
		{A3C5D2C3-D91C-430F-9EE8-6289D9D4E094}.Debug|ARM.Build.0 = Debug|Any CPU
		{A3C5D2C3-D91C-430F-9EE8-6289D9D4E094}.Debug|iPhone.ActiveCfg = Debug|Any CPU
		{A3C5D2C3-D91C-430F-9EE8-6289D9D4E094}.Debug|iPhone.Build.0 = Debug|Any CPU
		{A3C5D2C3-D91C-430F-9EE8-6289D9D4E094}.Debug|iPhoneSimulator.ActiveCfg = Debug|Any CPU
		{A3C5D2C3-D91C-430F-9EE8-6289D9D4E094}.Debug|iPhoneSimulator.Build.0 = Debug|Any CPU
		{A3C5D2C3-D91C-430F-9EE8-6289D9D4E094}.Debug|x64.ActiveCfg = Debug|Any CPU
		{A3C5D2C3-D91C-430F-9EE8-6289D9D4E094}.Debug|x64.Build.0 = Debug|Any CPU
		{A3C5D2C3-D91C-430F-9EE8-6289D9D4E094}.Debug|x86.ActiveCfg = Debug|Any CPU
		{A3C5D2C3-D91C-430F-9EE8-6289D9D4E094}.Debug|x86.Build.0 = Debug|Any CPU
		{A3C5D2C3-D91C-430F-9EE8-6289D9D4E094}.Loment.Tests|Any CPU.ActiveCfg = Release|Any CPU
		{A3C5D2C3-D91C-430F-9EE8-6289D9D4E094}.Loment.Tests|Any CPU.Build.0 = Release|Any CPU
		{A3C5D2C3-D91C-430F-9EE8-6289D9D4E094}.Loment.Tests|ARM.ActiveCfg = Release|Any CPU
		{A3C5D2C3-D91C-430F-9EE8-6289D9D4E094}.Loment.Tests|ARM.Build.0 = Release|Any CPU
		{A3C5D2C3-D91C-430F-9EE8-6289D9D4E094}.Loment.Tests|iPhone.ActiveCfg = Release|Any CPU
		{A3C5D2C3-D91C-430F-9EE8-6289D9D4E094}.Loment.Tests|iPhone.Build.0 = Release|Any CPU
		{A3C5D2C3-D91C-430F-9EE8-6289D9D4E094}.Loment.Tests|iPhoneSimulator.ActiveCfg = Release|Any CPU
		{A3C5D2C3-D91C-430F-9EE8-6289D9D4E094}.Loment.Tests|iPhoneSimulator.Build.0 = Release|Any CPU
		{A3C5D2C3-D91C-430F-9EE8-6289D9D4E094}.Loment.Tests|x64.ActiveCfg = Release|Any CPU
		{A3C5D2C3-D91C-430F-9EE8-6289D9D4E094}.Loment.Tests|x64.Build.0 = Release|Any CPU
		{A3C5D2C3-D91C-430F-9EE8-6289D9D4E094}.Loment.Tests|x86.ActiveCfg = Release|Any CPU
		{A3C5D2C3-D91C-430F-9EE8-6289D9D4E094}.Loment.Tests|x86.Build.0 = Release|Any CPU
		{A3C5D2C3-D91C-430F-9EE8-6289D9D4E094}.Release|Any CPU.ActiveCfg = Release|Any CPU
		{A3C5D2C3-D91C-430F-9EE8-6289D9D4E094}.Release|Any CPU.Build.0 = Release|Any CPU
		{A3C5D2C3-D91C-430F-9EE8-6289D9D4E094}.Release|ARM.ActiveCfg = Release|Any CPU
		{A3C5D2C3-D91C-430F-9EE8-6289D9D4E094}.Release|ARM.Build.0 = Release|Any CPU
		{A3C5D2C3-D91C-430F-9EE8-6289D9D4E094}.Release|iPhone.ActiveCfg = Release|Any CPU
		{A3C5D2C3-D91C-430F-9EE8-6289D9D4E094}.Release|iPhone.Build.0 = Release|Any CPU
		{A3C5D2C3-D91C-430F-9EE8-6289D9D4E094}.Release|iPhoneSimulator.ActiveCfg = Release|Any CPU
		{A3C5D2C3-D91C-430F-9EE8-6289D9D4E094}.Release|iPhoneSimulator.Build.0 = Release|Any CPU
		{A3C5D2C3-D91C-430F-9EE8-6289D9D4E094}.Release|x64.ActiveCfg = Release|Any CPU
		{A3C5D2C3-D91C-430F-9EE8-6289D9D4E094}.Release|x64.Build.0 = Release|Any CPU
		{A3C5D2C3-D91C-430F-9EE8-6289D9D4E094}.Release|x86.ActiveCfg = Release|Any CPU
		{A3C5D2C3-D91C-430F-9EE8-6289D9D4E094}.Release|x86.Build.0 = Release|Any CPU
		{D6876E42-76E6-48BE-981B-79BB27C8A849}.Ad-Hoc|Any CPU.ActiveCfg = Release|Any CPU
		{D6876E42-76E6-48BE-981B-79BB27C8A849}.Ad-Hoc|Any CPU.Build.0 = Release|Any CPU
		{D6876E42-76E6-48BE-981B-79BB27C8A849}.Ad-Hoc|ARM.ActiveCfg = Release|Any CPU
		{D6876E42-76E6-48BE-981B-79BB27C8A849}.Ad-Hoc|ARM.Build.0 = Release|Any CPU
		{D6876E42-76E6-48BE-981B-79BB27C8A849}.Ad-Hoc|iPhone.ActiveCfg = Release|Any CPU
		{D6876E42-76E6-48BE-981B-79BB27C8A849}.Ad-Hoc|iPhone.Build.0 = Release|Any CPU
		{D6876E42-76E6-48BE-981B-79BB27C8A849}.Ad-Hoc|iPhoneSimulator.ActiveCfg = Release|Any CPU
		{D6876E42-76E6-48BE-981B-79BB27C8A849}.Ad-Hoc|iPhoneSimulator.Build.0 = Release|Any CPU
		{D6876E42-76E6-48BE-981B-79BB27C8A849}.Ad-Hoc|x64.ActiveCfg = Release|Any CPU
		{D6876E42-76E6-48BE-981B-79BB27C8A849}.Ad-Hoc|x64.Build.0 = Release|Any CPU
		{D6876E42-76E6-48BE-981B-79BB27C8A849}.Ad-Hoc|x86.ActiveCfg = Release|Any CPU
		{D6876E42-76E6-48BE-981B-79BB27C8A849}.Ad-Hoc|x86.Build.0 = Release|Any CPU
		{D6876E42-76E6-48BE-981B-79BB27C8A849}.AppStore|Any CPU.ActiveCfg = Release|Any CPU
		{D6876E42-76E6-48BE-981B-79BB27C8A849}.AppStore|Any CPU.Build.0 = Release|Any CPU
		{D6876E42-76E6-48BE-981B-79BB27C8A849}.AppStore|ARM.ActiveCfg = Release|Any CPU
		{D6876E42-76E6-48BE-981B-79BB27C8A849}.AppStore|ARM.Build.0 = Release|Any CPU
		{D6876E42-76E6-48BE-981B-79BB27C8A849}.AppStore|iPhone.ActiveCfg = Release|Any CPU
		{D6876E42-76E6-48BE-981B-79BB27C8A849}.AppStore|iPhone.Build.0 = Release|Any CPU
		{D6876E42-76E6-48BE-981B-79BB27C8A849}.AppStore|iPhoneSimulator.ActiveCfg = Release|Any CPU
		{D6876E42-76E6-48BE-981B-79BB27C8A849}.AppStore|iPhoneSimulator.Build.0 = Release|Any CPU
		{D6876E42-76E6-48BE-981B-79BB27C8A849}.AppStore|x64.ActiveCfg = Release|Any CPU
		{D6876E42-76E6-48BE-981B-79BB27C8A849}.AppStore|x64.Build.0 = Release|Any CPU
		{D6876E42-76E6-48BE-981B-79BB27C8A849}.AppStore|x86.ActiveCfg = Release|Any CPU
		{D6876E42-76E6-48BE-981B-79BB27C8A849}.AppStore|x86.Build.0 = Release|Any CPU
		{D6876E42-76E6-48BE-981B-79BB27C8A849}.Debug|Any CPU.ActiveCfg = Debug|Any CPU
		{D6876E42-76E6-48BE-981B-79BB27C8A849}.Debug|Any CPU.Build.0 = Debug|Any CPU
		{D6876E42-76E6-48BE-981B-79BB27C8A849}.Debug|ARM.ActiveCfg = Debug|Any CPU
		{D6876E42-76E6-48BE-981B-79BB27C8A849}.Debug|ARM.Build.0 = Debug|Any CPU
		{D6876E42-76E6-48BE-981B-79BB27C8A849}.Debug|iPhone.ActiveCfg = Debug|Any CPU
		{D6876E42-76E6-48BE-981B-79BB27C8A849}.Debug|iPhone.Build.0 = Debug|Any CPU
		{D6876E42-76E6-48BE-981B-79BB27C8A849}.Debug|iPhoneSimulator.ActiveCfg = Debug|Any CPU
		{D6876E42-76E6-48BE-981B-79BB27C8A849}.Debug|iPhoneSimulator.Build.0 = Debug|Any CPU
		{D6876E42-76E6-48BE-981B-79BB27C8A849}.Debug|x64.ActiveCfg = Debug|Any CPU
		{D6876E42-76E6-48BE-981B-79BB27C8A849}.Debug|x64.Build.0 = Debug|Any CPU
		{D6876E42-76E6-48BE-981B-79BB27C8A849}.Debug|x86.ActiveCfg = Debug|Any CPU
		{D6876E42-76E6-48BE-981B-79BB27C8A849}.Debug|x86.Build.0 = Debug|Any CPU
		{D6876E42-76E6-48BE-981B-79BB27C8A849}.Loment.Tests|Any CPU.ActiveCfg = Release|Any CPU
		{D6876E42-76E6-48BE-981B-79BB27C8A849}.Loment.Tests|Any CPU.Build.0 = Release|Any CPU
		{D6876E42-76E6-48BE-981B-79BB27C8A849}.Loment.Tests|ARM.ActiveCfg = Release|Any CPU
		{D6876E42-76E6-48BE-981B-79BB27C8A849}.Loment.Tests|ARM.Build.0 = Release|Any CPU
		{D6876E42-76E6-48BE-981B-79BB27C8A849}.Loment.Tests|iPhone.ActiveCfg = Release|Any CPU
		{D6876E42-76E6-48BE-981B-79BB27C8A849}.Loment.Tests|iPhone.Build.0 = Release|Any CPU
		{D6876E42-76E6-48BE-981B-79BB27C8A849}.Loment.Tests|iPhoneSimulator.ActiveCfg = Release|Any CPU
		{D6876E42-76E6-48BE-981B-79BB27C8A849}.Loment.Tests|iPhoneSimulator.Build.0 = Release|Any CPU
		{D6876E42-76E6-48BE-981B-79BB27C8A849}.Loment.Tests|x64.ActiveCfg = Release|Any CPU
		{D6876E42-76E6-48BE-981B-79BB27C8A849}.Loment.Tests|x64.Build.0 = Release|Any CPU
		{D6876E42-76E6-48BE-981B-79BB27C8A849}.Loment.Tests|x86.ActiveCfg = Release|Any CPU
		{D6876E42-76E6-48BE-981B-79BB27C8A849}.Loment.Tests|x86.Build.0 = Release|Any CPU
		{D6876E42-76E6-48BE-981B-79BB27C8A849}.Release|Any CPU.ActiveCfg = Release|Any CPU
		{D6876E42-76E6-48BE-981B-79BB27C8A849}.Release|Any CPU.Build.0 = Release|Any CPU
		{D6876E42-76E6-48BE-981B-79BB27C8A849}.Release|ARM.ActiveCfg = Release|Any CPU
		{D6876E42-76E6-48BE-981B-79BB27C8A849}.Release|ARM.Build.0 = Release|Any CPU
		{D6876E42-76E6-48BE-981B-79BB27C8A849}.Release|iPhone.ActiveCfg = Release|Any CPU
		{D6876E42-76E6-48BE-981B-79BB27C8A849}.Release|iPhone.Build.0 = Release|Any CPU
		{D6876E42-76E6-48BE-981B-79BB27C8A849}.Release|iPhoneSimulator.ActiveCfg = Release|Any CPU
		{D6876E42-76E6-48BE-981B-79BB27C8A849}.Release|iPhoneSimulator.Build.0 = Release|Any CPU
		{D6876E42-76E6-48BE-981B-79BB27C8A849}.Release|x64.ActiveCfg = Release|Any CPU
		{D6876E42-76E6-48BE-981B-79BB27C8A849}.Release|x64.Build.0 = Release|Any CPU
		{D6876E42-76E6-48BE-981B-79BB27C8A849}.Release|x86.ActiveCfg = Release|Any CPU
		{D6876E42-76E6-48BE-981B-79BB27C8A849}.Release|x86.Build.0 = Release|Any CPU
		{128F9B01-6233-4399-9566-9A4E959E4FC9}.Ad-Hoc|Any CPU.ActiveCfg = Release|Any CPU
		{128F9B01-6233-4399-9566-9A4E959E4FC9}.Ad-Hoc|Any CPU.Build.0 = Release|Any CPU
		{128F9B01-6233-4399-9566-9A4E959E4FC9}.Ad-Hoc|ARM.ActiveCfg = Release|Any CPU
		{128F9B01-6233-4399-9566-9A4E959E4FC9}.Ad-Hoc|ARM.Build.0 = Release|Any CPU
		{128F9B01-6233-4399-9566-9A4E959E4FC9}.Ad-Hoc|iPhone.ActiveCfg = Release|Any CPU
		{128F9B01-6233-4399-9566-9A4E959E4FC9}.Ad-Hoc|iPhone.Build.0 = Release|Any CPU
		{128F9B01-6233-4399-9566-9A4E959E4FC9}.Ad-Hoc|iPhoneSimulator.ActiveCfg = Release|Any CPU
		{128F9B01-6233-4399-9566-9A4E959E4FC9}.Ad-Hoc|iPhoneSimulator.Build.0 = Release|Any CPU
		{128F9B01-6233-4399-9566-9A4E959E4FC9}.Ad-Hoc|x64.ActiveCfg = Release|Any CPU
		{128F9B01-6233-4399-9566-9A4E959E4FC9}.Ad-Hoc|x64.Build.0 = Release|Any CPU
		{128F9B01-6233-4399-9566-9A4E959E4FC9}.Ad-Hoc|x86.ActiveCfg = Release|Any CPU
		{128F9B01-6233-4399-9566-9A4E959E4FC9}.Ad-Hoc|x86.Build.0 = Release|Any CPU
		{128F9B01-6233-4399-9566-9A4E959E4FC9}.AppStore|Any CPU.ActiveCfg = Release|Any CPU
		{128F9B01-6233-4399-9566-9A4E959E4FC9}.AppStore|Any CPU.Build.0 = Release|Any CPU
		{128F9B01-6233-4399-9566-9A4E959E4FC9}.AppStore|ARM.ActiveCfg = Release|Any CPU
		{128F9B01-6233-4399-9566-9A4E959E4FC9}.AppStore|ARM.Build.0 = Release|Any CPU
		{128F9B01-6233-4399-9566-9A4E959E4FC9}.AppStore|iPhone.ActiveCfg = Release|Any CPU
		{128F9B01-6233-4399-9566-9A4E959E4FC9}.AppStore|iPhone.Build.0 = Release|Any CPU
		{128F9B01-6233-4399-9566-9A4E959E4FC9}.AppStore|iPhoneSimulator.ActiveCfg = Release|Any CPU
		{128F9B01-6233-4399-9566-9A4E959E4FC9}.AppStore|iPhoneSimulator.Build.0 = Release|Any CPU
		{128F9B01-6233-4399-9566-9A4E959E4FC9}.AppStore|x64.ActiveCfg = Release|Any CPU
		{128F9B01-6233-4399-9566-9A4E959E4FC9}.AppStore|x64.Build.0 = Release|Any CPU
		{128F9B01-6233-4399-9566-9A4E959E4FC9}.AppStore|x86.ActiveCfg = Release|Any CPU
		{128F9B01-6233-4399-9566-9A4E959E4FC9}.AppStore|x86.Build.0 = Release|Any CPU
		{128F9B01-6233-4399-9566-9A4E959E4FC9}.Debug|Any CPU.ActiveCfg = Debug|Any CPU
		{128F9B01-6233-4399-9566-9A4E959E4FC9}.Debug|Any CPU.Build.0 = Debug|Any CPU
		{128F9B01-6233-4399-9566-9A4E959E4FC9}.Debug|ARM.ActiveCfg = Debug|Any CPU
		{128F9B01-6233-4399-9566-9A4E959E4FC9}.Debug|ARM.Build.0 = Debug|Any CPU
		{128F9B01-6233-4399-9566-9A4E959E4FC9}.Debug|iPhone.ActiveCfg = Debug|Any CPU
		{128F9B01-6233-4399-9566-9A4E959E4FC9}.Debug|iPhone.Build.0 = Debug|Any CPU
		{128F9B01-6233-4399-9566-9A4E959E4FC9}.Debug|iPhoneSimulator.ActiveCfg = Debug|Any CPU
		{128F9B01-6233-4399-9566-9A4E959E4FC9}.Debug|iPhoneSimulator.Build.0 = Debug|Any CPU
		{128F9B01-6233-4399-9566-9A4E959E4FC9}.Debug|x64.ActiveCfg = Debug|Any CPU
		{128F9B01-6233-4399-9566-9A4E959E4FC9}.Debug|x64.Build.0 = Debug|Any CPU
		{128F9B01-6233-4399-9566-9A4E959E4FC9}.Debug|x86.ActiveCfg = Debug|Any CPU
		{128F9B01-6233-4399-9566-9A4E959E4FC9}.Debug|x86.Build.0 = Debug|Any CPU
		{128F9B01-6233-4399-9566-9A4E959E4FC9}.Loment.Tests|Any CPU.ActiveCfg = Release|Any CPU
		{128F9B01-6233-4399-9566-9A4E959E4FC9}.Loment.Tests|Any CPU.Build.0 = Release|Any CPU
		{128F9B01-6233-4399-9566-9A4E959E4FC9}.Loment.Tests|ARM.ActiveCfg = Release|Any CPU
		{128F9B01-6233-4399-9566-9A4E959E4FC9}.Loment.Tests|ARM.Build.0 = Release|Any CPU
		{128F9B01-6233-4399-9566-9A4E959E4FC9}.Loment.Tests|iPhone.ActiveCfg = Release|Any CPU
		{128F9B01-6233-4399-9566-9A4E959E4FC9}.Loment.Tests|iPhone.Build.0 = Release|Any CPU
		{128F9B01-6233-4399-9566-9A4E959E4FC9}.Loment.Tests|iPhoneSimulator.ActiveCfg = Release|Any CPU
		{128F9B01-6233-4399-9566-9A4E959E4FC9}.Loment.Tests|iPhoneSimulator.Build.0 = Release|Any CPU
		{128F9B01-6233-4399-9566-9A4E959E4FC9}.Loment.Tests|x64.ActiveCfg = Release|Any CPU
		{128F9B01-6233-4399-9566-9A4E959E4FC9}.Loment.Tests|x64.Build.0 = Release|Any CPU
		{128F9B01-6233-4399-9566-9A4E959E4FC9}.Loment.Tests|x86.ActiveCfg = Release|Any CPU
		{128F9B01-6233-4399-9566-9A4E959E4FC9}.Loment.Tests|x86.Build.0 = Release|Any CPU
		{128F9B01-6233-4399-9566-9A4E959E4FC9}.Release|Any CPU.ActiveCfg = Release|Any CPU
		{128F9B01-6233-4399-9566-9A4E959E4FC9}.Release|Any CPU.Build.0 = Release|Any CPU
		{128F9B01-6233-4399-9566-9A4E959E4FC9}.Release|ARM.ActiveCfg = Release|Any CPU
		{128F9B01-6233-4399-9566-9A4E959E4FC9}.Release|ARM.Build.0 = Release|Any CPU
		{128F9B01-6233-4399-9566-9A4E959E4FC9}.Release|iPhone.ActiveCfg = Release|Any CPU
		{128F9B01-6233-4399-9566-9A4E959E4FC9}.Release|iPhone.Build.0 = Release|Any CPU
		{128F9B01-6233-4399-9566-9A4E959E4FC9}.Release|iPhoneSimulator.ActiveCfg = Release|Any CPU
		{128F9B01-6233-4399-9566-9A4E959E4FC9}.Release|iPhoneSimulator.Build.0 = Release|Any CPU
		{128F9B01-6233-4399-9566-9A4E959E4FC9}.Release|x64.ActiveCfg = Release|Any CPU
		{128F9B01-6233-4399-9566-9A4E959E4FC9}.Release|x64.Build.0 = Release|Any CPU
		{128F9B01-6233-4399-9566-9A4E959E4FC9}.Release|x86.ActiveCfg = Release|Any CPU
		{128F9B01-6233-4399-9566-9A4E959E4FC9}.Release|x86.Build.0 = Release|Any CPU
	EndGlobalSection
	GlobalSection(SolutionProperties) = preSolution
		HideSolutionNode = FALSE
	EndGlobalSection
	GlobalSection(NestedProjects) = preSolution
		{BC287088-87D8-409B-9EA3-4D137C89C5FB} = {012A5089-290E-4151-B57E-FA79293E4532}
		{72079433-D395-45BD-BF68-EAA17D776833} = {012A5089-290E-4151-B57E-FA79293E4532}
		{E423D337-25F2-4EAB-A8FD-DE47CF07BB22} = {012A5089-290E-4151-B57E-FA79293E4532}
	EndGlobalSection
	GlobalSection(ExtensibilityGlobals) = postSolution
		SolutionGuid = {B879A9D3-A83E-4064-9D9A-55BC60E612A4}
	EndGlobalSection
	GlobalSection(MonoDevelopProperties) = preSolution
		version = 1.0
	EndGlobalSection
EndGlobal
